
Microsoft Visual Studio Solution File, Format Version 12.00
# Visual Studio Version 16
VisualStudioVersion = 16.0.29806.167
MinimumVisualStudioVersion = 10.0.40219.1
Project("{FAE04EC0-301F-11D3-BF4B-00C04F79EFBC}") = "directum.Android", "directum\directum.Android\directum.Android.csproj", "{77DC776E-A504-40E8-8D77-DF6DC5E7444E}"
EndProject
Project("{FAE04EC0-301F-11D3-BF4B-00C04F79EFBC}") = "directum.iOS", "directum\directum.iOS\directum.iOS.csproj", "{61C81AAE-0494-4AA3-9A27-D1E54C7248A4}"
EndProject
Project("{FAE04EC0-301F-11D3-BF4B-00C04F79EFBC}") = "directum", "directum\directum\directum.csproj", "{9DEA62F9-262C-4B33-8076-5AF1C60412E8}"
EndProject
Global
	GlobalSection(SolutionConfigurationPlatforms) = preSolution
		Debug|Any CPU = Debug|Any CPU
		Debug|iPhone = Debug|iPhone
		Debug|iPhoneSimulator = Debug|iPhoneSimulator
		Release|Any CPU = Release|Any CPU
		Release|iPhone = Release|iPhone
		Release|iPhoneSimulator = Release|iPhoneSimulator
	EndGlobalSection
	GlobalSection(ProjectConfigurationPlatforms) = postSolution
		{77DC776E-A504-40E8-8D77-DF6DC5E7444E}.Debug|Any CPU.ActiveCfg = Debug|Any CPU
		{77DC776E-A504-40E8-8D77-DF6DC5E7444E}.Debug|Any CPU.Build.0 = Debug|Any CPU
		{77DC776E-A504-40E8-8D77-DF6DC5E7444E}.Debug|Any CPU.Deploy.0 = Debug|Any CPU
		{77DC776E-A504-40E8-8D77-DF6DC5E7444E}.Debug|iPhone.ActiveCfg = Debug|Any CPU
		{77DC776E-A504-40E8-8D77-DF6DC5E7444E}.Debug|iPhone.Build.0 = Debug|Any CPU
		{77DC776E-A504-40E8-8D77-DF6DC5E7444E}.Debug|iPhone.Deploy.0 = Debug|Any CPU
		{77DC776E-A504-40E8-8D77-DF6DC5E7444E}.Debug|iPhoneSimulator.ActiveCfg = Debug|Any CPU
		{77DC776E-A504-40E8-8D77-DF6DC5E7444E}.Debug|iPhoneSimulator.Build.0 = Debug|Any CPU
		{77DC776E-A504-40E8-8D77-DF6DC5E7444E}.Debug|iPhoneSimulator.Deploy.0 = Debug|Any CPU
		{77DC776E-A504-40E8-8D77-DF6DC5E7444E}.Release|Any CPU.ActiveCfg = Release|Any CPU
		{77DC776E-A504-40E8-8D77-DF6DC5E7444E}.Release|Any CPU.Build.0 = Release|Any CPU
		{77DC776E-A504-40E8-8D77-DF6DC5E7444E}.Release|Any CPU.Deploy.0 = Release|Any CPU
		{77DC776E-A504-40E8-8D77-DF6DC5E7444E}.Release|iPhone.ActiveCfg = Release|Any CPU
		{77DC776E-A504-40E8-8D77-DF6DC5E7444E}.Release|iPhone.Build.0 = Release|Any CPU
		{77DC776E-A504-40E8-8D77-DF6DC5E7444E}.Release|iPhone.Deploy.0 = Release|Any CPU
		{77DC776E-A504-40E8-8D77-DF6DC5E7444E}.Release|iPhoneSimulator.ActiveCfg = Release|Any CPU
		{77DC776E-A504-40E8-8D77-DF6DC5E7444E}.Release|iPhoneSimulator.Build.0 = Release|Any CPU
		{77DC776E-A504-40E8-8D77-DF6DC5E7444E}.Release|iPhoneSimulator.Deploy.0 = Release|Any CPU
		{61C81AAE-0494-4AA3-9A27-D1E54C7248A4}.Debug|Any CPU.ActiveCfg = Debug|iPhoneSimulator
		{61C81AAE-0494-4AA3-9A27-D1E54C7248A4}.Debug|Any CPU.Build.0 = Debug|iPhoneSimulator
		{61C81AAE-0494-4AA3-9A27-D1E54C7248A4}.Debug|Any CPU.Deploy.0 = Debug|iPhoneSimulator
		{61C81AAE-0494-4AA3-9A27-D1E54C7248A4}.Debug|iPhone.ActiveCfg = Debug|iPhone
		{61C81AAE-0494-4AA3-9A27-D1E54C7248A4}.Debug|iPhone.Build.0 = Debug|iPhone
		{61C81AAE-0494-4AA3-9A27-D1E54C7248A4}.Debug|iPhone.Deploy.0 = Debug|iPhone
		{61C81AAE-0494-4AA3-9A27-D1E54C7248A4}.Debug|iPhoneSimulator.ActiveCfg = Debug|iPhoneSimulator
		{61C81AAE-0494-4AA3-9A27-D1E54C7248A4}.Debug|iPhoneSimulator.Build.0 = Debug|iPhoneSimulator
		{61C81AAE-0494-4AA3-9A27-D1E54C7248A4}.Debug|iPhoneSimulator.Deploy.0 = Debug|iPhoneSimulator
		{61C81AAE-0494-4AA3-9A27-D1E54C7248A4}.Release|Any CPU.ActiveCfg = Release|iPhone
		{61C81AAE-0494-4AA3-9A27-D1E54C7248A4}.Release|Any CPU.Build.0 = Release|iPhone
		{61C81AAE-0494-4AA3-9A27-D1E54C7248A4}.Release|Any CPU.Deploy.0 = Release|iPhone
		{61C81AAE-0494-4AA3-9A27-D1E54C7248A4}.Release|iPhone.ActiveCfg = Release|iPhone
		{61C81AAE-0494-4AA3-9A27-D1E54C7248A4}.Release|iPhone.Build.0 = Release|iPhone
		{61C81AAE-0494-4AA3-9A27-D1E54C7248A4}.Release|iPhone.Deploy.0 = Release|iPhone
		{61C81AAE-0494-4AA3-9A27-D1E54C7248A4}.Release|iPhoneSimulator.ActiveCfg = Release|iPhoneSimulator
		{61C81AAE-0494-4AA3-9A27-D1E54C7248A4}.Release|iPhoneSimulator.Build.0 = Release|iPhoneSimulator
		{61C81AAE-0494-4AA3-9A27-D1E54C7248A4}.Release|iPhoneSimulator.Deploy.0 = Release|iPhoneSimulator
		{9DEA62F9-262C-4B33-8076-5AF1C60412E8}.Debug|Any CPU.ActiveCfg = Debug|Any CPU
		{9DEA62F9-262C-4B33-8076-5AF1C60412E8}.Debug|Any CPU.Build.0 = Debug|Any CPU
		{9DEA62F9-262C-4B33-8076-5AF1C60412E8}.Debug|Any CPU.Deploy.0 = Debug|Any CPU
		{9DEA62F9-262C-4B33-8076-5AF1C60412E8}.Debug|iPhone.ActiveCfg = Debug|Any CPU
		{9DEA62F9-262C-4B33-8076-5AF1C60412E8}.Debug|iPhone.Build.0 = Debug|Any CPU
		{9DEA62F9-262C-4B33-8076-5AF1C60412E8}.Debug|iPhone.Deploy.0 = Debug|Any CPU
		{9DEA62F9-262C-4B33-8076-5AF1C60412E8}.Debug|iPhoneSimulator.ActiveCfg = Debug|Any CPU
		{9DEA62F9-262C-4B33-8076-5AF1C60412E8}.Debug|iPhoneSimulator.Build.0 = Debug|Any CPU
		{9DEA62F9-262C-4B33-8076-5AF1C60412E8}.Debug|iPhoneSimulator.Deploy.0 = Debug|Any CPU
		{9DEA62F9-262C-4B33-8076-5AF1C60412E8}.Release|Any CPU.ActiveCfg = Release|Any CPU
		{9DEA62F9-262C-4B33-8076-5AF1C60412E8}.Release|Any CPU.Build.0 = Release|Any CPU
		{9DEA62F9-262C-4B33-8076-5AF1C60412E8}.Release|Any CPU.Deploy.0 = Release|Any CPU
		{9DEA62F9-262C-4B33-8076-5AF1C60412E8}.Release|iPhone.ActiveCfg = Release|Any CPU
		{9DEA62F9-262C-4B33-8076-5AF1C60412E8}.Release|iPhone.Build.0 = Release|Any CPU
		{9DEA62F9-262C-4B33-8076-5AF1C60412E8}.Release|iPhone.Deploy.0 = Release|Any CPU
		{9DEA62F9-262C-4B33-8076-5AF1C60412E8}.Release|iPhoneSimulator.ActiveCfg = Release|Any CPU
		{9DEA62F9-262C-4B33-8076-5AF1C60412E8}.Release|iPhoneSimulator.Build.0 = Release|Any CPU
		{9DEA62F9-262C-4B33-8076-5AF1C60412E8}.Release|iPhoneSimulator.Deploy.0 = Release|Any CPU
	EndGlobalSection
	GlobalSection(SolutionProperties) = preSolution
		HideSolutionNode = FALSE
	EndGlobalSection
	GlobalSection(ExtensibilityGlobals) = postSolution
		SolutionGuid = {C8A77507-7B1A-4E7E-AF87-FADC518C8F0E}
	EndGlobalSection
EndGlobal
